
Microsoft Visual Studio Solution File, Format Version 12.00
# Visual Studio 2013
VisualStudioVersion = 12.0.21005.1
MinimumVisualStudioVersion = 10.0.40219.1
Project("{FAE04EC0-301F-11D3-BF4B-00C04F79EFBC}") = "Inventory.Tests", "..\Inventory.Tests\Inventory.Tests.csproj", "{539DB50D-616B-4443-B2E2-63D39FDBF794}"
EndProject
Project("{FAE04EC0-301F-11D3-BF4B-00C04F79EFBC}") = "Inventory.Data", "Inventory.Data\Inventory.Data.csproj", "{E80094AC-2A1F-4A1C-8983-3E3E5FD03BEB}"
EndProject
Project("{FAE04EC0-301F-11D3-BF4B-00C04F79EFBC}") = "Inventory.ServiceLayer", "Inventory.ServiceLayer\Inventory.ServiceLayer.csproj", "{5E9E8E48-A5F6-4A03-98C6-03EF8CADE49F}"
EndProject
Project("{FAE04EC0-301F-11D3-BF4B-00C04F79EFBC}") = "Inventory.Purchase", "Inventory.Purchase\Inventory.Purchase.csproj", "{C77F1F49-A37B-4571-9CED-C854F446E95B}"
EndProject
Global
	GlobalSection(SolutionConfigurationPlatforms) = preSolution
		Debug|Any CPU = Debug|Any CPU
		Release|Any CPU = Release|Any CPU
	EndGlobalSection
	GlobalSection(ProjectConfigurationPlatforms) = postSolution
		{539DB50D-616B-4443-B2E2-63D39FDBF794}.Debug|Any CPU.ActiveCfg = Debug|Any CPU
		{539DB50D-616B-4443-B2E2-63D39FDBF794}.Debug|Any CPU.Build.0 = Debug|Any CPU
		{539DB50D-616B-4443-B2E2-63D39FDBF794}.Release|Any CPU.ActiveCfg = Release|Any CPU
		{539DB50D-616B-4443-B2E2-63D39FDBF794}.Release|Any CPU.Build.0 = Release|Any CPU
		{E80094AC-2A1F-4A1C-8983-3E3E5FD03BEB}.Debug|Any CPU.ActiveCfg = Debug|Any CPU
		{E80094AC-2A1F-4A1C-8983-3E3E5FD03BEB}.Debug|Any CPU.Build.0 = Debug|Any CPU
		{E80094AC-2A1F-4A1C-8983-3E3E5FD03BEB}.Release|Any CPU.ActiveCfg = Release|Any CPU
		{E80094AC-2A1F-4A1C-8983-3E3E5FD03BEB}.Release|Any CPU.Build.0 = Release|Any CPU
		{5E9E8E48-A5F6-4A03-98C6-03EF8CADE49F}.Debug|Any CPU.ActiveCfg = Debug|Any CPU
		{5E9E8E48-A5F6-4A03-98C6-03EF8CADE49F}.Debug|Any CPU.Build.0 = Debug|Any CPU
		{5E9E8E48-A5F6-4A03-98C6-03EF8CADE49F}.Release|Any CPU.ActiveCfg = Release|Any CPU
		{5E9E8E48-A5F6-4A03-98C6-03EF8CADE49F}.Release|Any CPU.Build.0 = Release|Any CPU
		{C77F1F49-A37B-4571-9CED-C854F446E95B}.Debug|Any CPU.ActiveCfg = Debug|Any CPU
		{C77F1F49-A37B-4571-9CED-C854F446E95B}.Debug|Any CPU.Build.0 = Debug|Any CPU
		{C77F1F49-A37B-4571-9CED-C854F446E95B}.Release|Any CPU.ActiveCfg = Release|Any CPU
		{C77F1F49-A37B-4571-9CED-C854F446E95B}.Release|Any CPU.Build.0 = Release|Any CPU
	EndGlobalSection
	GlobalSection(SolutionProperties) = preSolution
		HideSolutionNode = FALSE
	EndGlobalSection
EndGlobal
